
Microsoft Visual Studio Solution File, Format Version 12.00
# Visual Studio Version 17
VisualStudioVersion = 17.2.32422.2
MinimumVisualStudioVersion = 10.0.40219.1
Project("{9A19103F-16F7-4668-BE54-9A1E7A4F7556}") = "GrasscutterInstaller", "GrasscutterInstaller\GrasscutterInstaller.csproj", "{C1BFB045-3B82-477E-82A0-DD150D44B730}"
EndProject
Global
	GlobalSection(SolutionConfigurationPlatforms) = preSolution
		Debug|Any CPU = Debug|Any CPU
		Release|Any CPU = Release|Any CPU
	EndGlobalSection
	GlobalSection(ProjectConfigurationPlatforms) = postSolution
		{C1BFB045-3B82-477E-82A0-DD150D44B730}.Debug|Any CPU.ActiveCfg = Debug|Any CPU
		{C1BFB045-3B82-477E-82A0-DD150D44B730}.Debug|Any CPU.Build.0 = Debug|Any CPU
		{C1BFB045-3B82-477E-82A0-DD150D44B730}.Release|Any CPU.ActiveCfg = Release|Any CPU
		{C1BFB045-3B82-477E-82A0-DD150D44B730}.Release|Any CPU.Build.0 = Release|Any CPU
	EndGlobalSection
	GlobalSection(SolutionProperties) = preSolution
		HideSolutionNode = FALSE
	EndGlobalSection
	GlobalSection(ExtensibilityGlobals) = postSolution
		SolutionGuid = {DAD85C08-D262-43BF-873E-E65C3A842D5D}
	EndGlobalSection
EndGlobal
